
Microsoft Visual Studio Solution File, Format Version 12.00
# Visual Studio Version 17
VisualStudioVersion = 17.0.31903.59
MinimumVisualStudioVersion = 10.0.40219.1
Project("{FAE04EC0-301F-11D3-BF4B-00C04F79EFBC}") = "treaning2", "treaning2\treaning2.csproj", "{C311414A-1D6D-4768-B2E3-A4AC98A781CC}"
EndProject
Global
	GlobalSection(SolutionConfigurationPlatforms) = preSolution
		Debug|Any CPU = Debug|Any CPU
		Release|Any CPU = Release|Any CPU
	EndGlobalSection
	GlobalSection(ProjectConfigurationPlatforms) = postSolution
		{C311414A-1D6D-4768-B2E3-A4AC98A781CC}.Debug|Any CPU.ActiveCfg = Debug|Any CPU
		{C311414A-1D6D-4768-B2E3-A4AC98A781CC}.Debug|Any CPU.Build.0 = Debug|Any CPU
		{C311414A-1D6D-4768-B2E3-A4AC98A781CC}.Release|Any CPU.ActiveCfg = Release|Any CPU
		{C311414A-1D6D-4768-B2E3-A4AC98A781CC}.Release|Any CPU.Build.0 = Release|Any CPU
	EndGlobalSection
	GlobalSection(SolutionProperties) = preSolution
		HideSolutionNode = FALSE
	EndGlobalSection
	GlobalSection(ExtensibilityGlobals) = postSolution
		SolutionGuid = {6470257F-9F70-4808-887E-C482329251D1}
	EndGlobalSection
EndGlobal
